PODS:
  - XKNotificationCenter (1.0.0)

DEPENDENCIES:
  - XKNotificationCenter (from `../`)

EXTERNAL SOURCES:
  XKNotificationCenter:
    :path: "../"

SPEC CHECKSUMS:
  XKNotificationCenter: 16d8100a43308275705e77089b12c904a0d7cff7

PODFILE CHECKSUM: 8c0ce34714f0cee99b1e5114b9f20eaf0befb699

COCOAPODS: 1.6.0
